// !$*UTF8*$!
{
	archiveVersion = 1;
	classes = {
	};
	objectVersion = 50;
	objects = {

/* Begin PBXBuildFile section */
		135AD244B04E0308C6117197 /* Pods_nerdesinizTests.framework in Frameworks */ = {isa = PBXBuildFile; fileRef = 1DA8751F7C857F350D0E82A7 /* Pods_nerdesinizTests.framework */; };
		63AB2D4C290C80C53C1AA09F /* Pods_nerdesiniz.framework in Frameworks */ = {isa = PBXBuildFile; fileRef = A8B0682D87A07316046354A2 /* Pods_nerdesiniz.framework */; };
		B8D026D400537B78176CF60B /* Pods_nerdesinizUITests.framework in Frameworks */ = {isa = PBXBuildFile; fileRef = 94AD7B8CB0EFA4E51851456F /* Pods_nerdesinizUITests.framework */; };
		DA11D5E720FE4C570086AE5A /* AppDelegate.swift in Sources */ = {isa = PBXBuildFile; fileRef = DA11D5E620FE4C570086AE5A /* AppDelegate.swift */; };
		DA11D5E920FE4C570086AE5A /* ViewController.swift in Sources */ = {isa = PBXBuildFile; fileRef = DA11D5E820FE4C570086AE5A /* ViewController.swift */; };
		DA11D5EC20FE4C570086AE5A /* Main.storyboard in Resources */ = {isa = PBXBuildFile; fileRef = DA11D5EA20FE4C570086AE5A /* Main.storyboard */; };
		DA11D5EE20FE4C5B0086AE5A /* Assets.xcassets in Resources */ = {isa = PBXBuildFile; fileRef = DA11D5ED20FE4C5B0086AE5A /* Assets.xcassets */; };
		DA11D5F120FE4C5B0086AE5A /* LaunchScreen.storyboard in Resources */ = {isa = PBXBuildFile; fileRef = DA11D5EF20FE4C5B0086AE5A /* LaunchScreen.storyboard */; };
		DA11D5FC20FE4C5C0086AE5A /* nerdesinizTests.swift in Sources */ = {isa = PBXBuildFile; fileRef = DA11D5FB20FE4C5B0086AE5A /* nerdesinizTests.swift */; };
		DA11D60720FE4C5C0086AE5A /* nerdesinizUITests.swift in Sources */ = {isa = PBXBuildFile; fileRef = DA11D60620FE4C5C0086AE5A /* nerdesinizUITests.swift */; };
		DA11D61520FE55A20086AE5A /* MapViewController.swift in Sources */ = {isa = PBXBuildFile; fileRef = DA11D61420FE55A20086AE5A /* MapViewController.swift */; };
		DA11D61720FF9C4D0086AE5A /* GoogleService-Info.plist in Resources */ = {isa = PBXBuildFile; fileRef = DA11D61620FF9C4D0086AE5A /* GoogleService-Info.plist */; };
/* End PBXBuildFile section */

/* Begin PBXContainerItemProxy section */
		DA11D5F820FE4C5B0086AE5A /* PBXContainerItemProxy */ = {
			isa = PBXContainerItemProxy;
			containerPortal = DA11D5DB20FE4C570086AE5A /* Project object */;
			proxyType = 1;
			remoteGlobalIDString = DA11D5E220FE4C570086AE5A;
			remoteInfo = nerdesiniz;
		};
		DA11D60320FE4C5C0086AE5A /* PBXContainerItemProxy */ = {
			isa = PBXContainerItemProxy;
			containerPortal = DA11D5DB20FE4C570086AE5A /* Project object */;
			proxyType = 1;
			remoteGlobalIDString = DA11D5E220FE4C570086AE5A;
			remoteInfo = nerdesiniz;
		};
/* End PBXContainerItemProxy section */

/* Begin PBXFileReference section */
		09E20E5B4483D331F6F11FA2 /* Pods-nerdesinizUITests.release.xcconfig */ = {isa = PBXFileReference; includeInIndex = 1; lastKnownFileType = text.xcconfig; name = "Pods-nerdesinizUITests.release.xcconfig"; path = "Pods/Target Support Files/Pods-nerdesinizUITests/Pods-nerdesinizUITests.release.xcconfig"; sourceTree = "<group>"; };
		146CF0ABA2A11C369AFA11A3 /* Pods-nerdesinizTests.release.xcconfig */ = {isa = PBXFileReference; includeInIndex = 1; lastKnownFileType = text.xcconfig; name = "Pods-nerdesinizTests.release.xcconfig"; path = "Pods/Target Support Files/Pods-nerdesinizTests/Pods-nerdesinizTests.release.xcconfig"; sourceTree = "<group>"; };
		1DA8751F7C857F350D0E82A7 /* Pods_nerdesinizTests.framework */ = {isa = PBXFileReference; explicitFileType = wrapper.framework; includeInIndex = 0; path = Pods_nerdesinizTests.framework; sourceTree = BUILT_PRODUCTS_DIR; };
		49DF3F3EA2B0152354C58D1C /* Pods-nerdesinizTests.debug.xcconfig */ = {isa = PBXFileReference; includeInIndex = 1; lastKnownFileType = text.xcconfig; name = "Pods-nerdesinizTests.debug.xcconfig"; path = "Pods/Target Support Files/Pods-nerdesinizTests/Pods-nerdesinizTests.debug.xcconfig"; sourceTree = "<group>"; };
		8BAC8D1C84A6D4E42F502ED2 /* Pods-nerdesinizUITests.debug.xcconfig */ = {isa = PBXFileReference; includeInIndex = 1; lastKnownFileType = text.xcconfig; name = "Pods-nerdesinizUITests.debug.xcconfig"; path = "Pods/Target Support Files/Pods-nerdesinizUITests/Pods-nerdesinizUITests.debug.xcconfig"; sourceTree = "<group>"; };
		8F180385B06C0544DAA76899 /* Pods-nerdesiniz.release.xcconfig */ = {isa = PBXFileReference; includeInIndex = 1; lastKnownFileType = text.xcconfig; name = "Pods-nerdesiniz.release.xcconfig"; path = "Pods/Target Support Files/Pods-nerdesiniz/Pods-nerdesiniz.release.xcconfig"; sourceTree = "<group>"; };
		94AD7B8CB0EFA4E51851456F /* Pods_nerdesinizUITests.framework */ = {isa = PBXFileReference; explicitFileType = wrapper.framework; includeInIndex = 0; path = Pods_nerdesinizUITests.framework; sourceTree = BUILT_PRODUCTS_DIR; };
		A8B0682D87A07316046354A2 /* Pods_nerdesiniz.framework */ = {isa = PBXFileReference; explicitFileType = wrapper.framework; includeInIndex = 0; path = Pods_nerdesiniz.framework; sourceTree = BUILT_PRODUCTS_DIR; };
		DA11D5E320FE4C570086AE5A /* nerdesiniz.app */ = {isa = PBXFileReference; explicitFileType = wrapper.application; includeInIndex = 0; path = nerdesiniz.app; sourceTree = BUILT_PRODUCTS_DIR; };
		DA11D5E620FE4C570086AE5A /* AppDelegate.swift */ = {isa = PBXFileReference; lastKnownFileType = sourcecode.swift; path = AppDelegate.swift; sourceTree = "<group>"; };
		DA11D5E820FE4C570086AE5A /* ViewController.swift */ = {isa = PBXFileReference; lastKnownFileType = sourcecode.swift; path = ViewController.swift; sourceTree = "<group>"; };
		DA11D5EB20FE4C570086AE5A /* Base */ = {isa = PBXFileReference; lastKnownFileType = file.storyboard; name = Base; path = Base.lproj/Main.storyboard; sourceTree = "<group>"; };
		DA11D5ED20FE4C5B0086AE5A /* Assets.xcassets */ = {isa = PBXFileReference; lastKnownFileType = folder.assetcatalog; path = Assets.xcassets; sourceTree = "<group>"; };
		DA11D5F020FE4C5B0086AE5A /* Base */ = {isa = PBXFileReference; lastKnownFileType = file.storyboard; name = Base; path = Base.lproj/LaunchScreen.storyboard; sourceTree = "<group>"; };
		DA11D5F220FE4C5B0086AE5A /* Info.plist */ = {isa = PBXFileReference; lastKnownFileType = text.plist.xml; path = Info.plist; sourceTree = "<group>"; };
		DA11D5F720FE4C5B0086AE5A /* nerdesinizTests.xctest */ = {isa = PBXFileReference; explicitFileType = wrapper.cfbundle; includeInIndex = 0; path = nerdesinizTests.xctest; sourceTree = BUILT_PRODUCTS_DIR; };
		DA11D5FB20FE4C5B0086AE5A /* nerdesinizTests.swift */ = {isa = PBXFileReference; lastKnownFileType = sourcecode.swift; path = nerdesinizTests.swift; sourceTree = "<group>"; };
		DA11D5FD20FE4C5C0086AE5A /* Info.plist */ = {isa = PBXFileReference; lastKnownFileType = text.plist.xml; path = Info.plist; sourceTree = "<group>"; };
		DA11D60220FE4C5C0086AE5A /* nerdesinizUITests.xctest */ = {isa = PBXFileReference; explicitFileType = wrapper.cfbundle; includeInIndex = 0; path = nerdesinizUITests.xctest; sourceTree = BUILT_PRODUCTS_DIR; };
		DA11D60620FE4C5C0086AE5A /* nerdesinizUITests.swift */ = {isa = PBXFileReference; lastKnownFileType = sourcecode.swift; path = nerdesinizUITests.swift; sourceTree = "<group>"; };
		DA11D60820FE4C5C0086AE5A /* Info.plist */ = {isa = PBXFileReference; lastKnownFileType = text.plist.xml; path = Info.plist; sourceTree = "<group>"; };
		DA11D61420FE55A20086AE5A /* MapViewController.swift */ = {isa = PBXFileReference; lastKnownFileType = sourcecode.swift; path = MapViewController.swift; sourceTree = "<group>"; };
		DA11D61620FF9C4D0086AE5A /* GoogleService-Info.plist */ = {isa = PBXFileReference; fileEncoding = 4; lastKnownFileType = text.plist.xml; path = "GoogleService-Info.plist"; sourceTree = "<group>"; };
		FA122E4634A44116B1A6E516 /* Pods-nerdesiniz.debug.xcconfig */ = {isa = PBXFileReference; includeInIndex = 1; lastKnownFileType = text.xcconfig; name = "Pods-nerdesiniz.debug.xcconfig"; path = "Pods/Target Support Files/Pods-nerdesiniz/Pods-nerdesiniz.debug.xcconfig"; sourceTree = "<group>"; };
/* End PBXFileReference section */

/* Begin PBXFrameworksBuildPhase section */
		DA11D5E020FE4C570086AE5A /* Frameworks */ = {
			isa = PBXFrameworksBuildPhase;
			buildActionMask = 2147483647;
			files = (
				63AB2D4C290C80C53C1AA09F /* Pods_nerdesiniz.framework in Frameworks */,
			);
			runOnlyForDeploymentPostprocessing = 0;
		};
		DA11D5F420FE4C5B0086AE5A /* Frameworks */ = {
			isa = PBXFrameworksBuildPhase;
			buildActionMask = 2147483647;
			files = (
				135AD244B04E0308C6117197 /* Pods_nerdesinizTests.framework in Frameworks */,
			);
			runOnlyForDeploymentPostprocessing = 0;
		};
		DA11D5FF20FE4C5C0086AE5A /* Frameworks */ = {
			isa = PBXFrameworksBuildPhase;
			buildActionMask = 2147483647;
			files = (
				B8D026D400537B78176CF60B /* Pods_nerdesinizUITests.framework in Frameworks */,
			);
			runOnlyForDeploymentPostprocessing = 0;
		};
/* End PBXFrameworksBuildPhase section */

/* Begin PBXGroup section */
		55098144DDB74C968C150586 /* Frameworks */ = {
			isa = PBXGroup;
			children = (
				A8B0682D87A07316046354A2 /* Pods_nerdesiniz.framework */,
				1DA8751F7C857F350D0E82A7 /* Pods_nerdesinizTests.framework */,
				94AD7B8CB0EFA4E51851456F /* Pods_nerdesinizUITests.framework */,
			);
			name = Frameworks;
			sourceTree = "<group>";
		};
		BFD451B23615CB6740F4E2B8 /* Pods */ = {
			isa = PBXGroup;
			children = (
				FA122E4634A44116B1A6E516 /* Pods-nerdesiniz.debug.xcconfig */,
				8F180385B06C0544DAA76899 /* Pods-nerdesiniz.release.xcconfig */,
				49DF3F3EA2B0152354C58D1C /* Pods-nerdesinizTests.debug.xcconfig */,
				146CF0ABA2A11C369AFA11A3 /* Pods-nerdesinizTests.release.xcconfig */,
				8BAC8D1C84A6D4E42F502ED2 /* Pods-nerdesinizUITests.debug.xcconfig */,
				09E20E5B4483D331F6F11FA2 /* Pods-nerdesinizUITests.release.xcconfig */,
			);
			name = Pods;
			sourceTree = "<group>";
		};
		DA11D5DA20FE4C570086AE5A = {
			isa = PBXGroup;
			children = (
				DA11D5E520FE4C570086AE5A /* nerdesiniz */,
				DA11D5FA20FE4C5B0086AE5A /* nerdesinizTests */,
				DA11D60520FE4C5C0086AE5A /* nerdesinizUITests */,
				DA11D5E420FE4C570086AE5A /* Products */,
				BFD451B23615CB6740F4E2B8 /* Pods */,
				55098144DDB74C968C150586 /* Frameworks */,
			);
			sourceTree = "<group>";
		};
		DA11D5E420FE4C570086AE5A /* Products */ = {
			isa = PBXGroup;
			children = (
				DA11D5E320FE4C570086AE5A /* nerdesiniz.app */,
				DA11D5F720FE4C5B0086AE5A /* nerdesinizTests.xctest */,
				DA11D60220FE4C5C0086AE5A /* nerdesinizUITests.xctest */,
			);
			name = Products;
			sourceTree = "<group>";
		};
		DA11D5E520FE4C570086AE5A /* nerdesiniz */ = {
			isa = PBXGroup;
			children = (
				DA11D5E620FE4C570086AE5A /* AppDelegate.swift */,
				DA11D5E820FE4C570086AE5A /* ViewController.swift */,
				DA11D61420FE55A20086AE5A /* MapViewController.swift */,
				DA11D5EA20FE4C570086AE5A /* Main.storyboard */,
				DA11D5ED20FE4C5B0086AE5A /* Assets.xcassets */,
				DA11D5EF20FE4C5B0086AE5A /* LaunchScreen.storyboard */,
				DA11D5F220FE4C5B0086AE5A /* Info.plist */,
				DA11D61620FF9C4D0086AE5A /* GoogleService-Info.plist */,
			);
			path = nerdesiniz;
			sourceTree = "<group>";
		};
		DA11D5FA20FE4C5B0086AE5A /* nerdesinizTests */ = {
			isa = PBXGroup;
			children = (
				DA11D5FB20FE4C5B0086AE5A /* nerdesinizTests.swift */,
				DA11D5FD20FE4C5C0086AE5A /* Info.plist */,
			);
			path = nerdesinizTests;
			sourceTree = "<group>";
		};
		DA11D60520FE4C5C0086AE5A /* nerdesinizUITests */ = {
			isa = PBXGroup;
			children = (
				DA11D60620FE4C5C0086AE5A /* nerdesinizUITests.swift */,
				DA11D60820FE4C5C0086AE5A /* Info.plist */,
			);
			path = nerdesinizUITests;
			sourceTree = "<group>";
		};
/* End PBXGroup section */

/* Begin PBXNativeTarget section */
		DA11D5E220FE4C570086AE5A /* nerdesiniz */ = {
			isa = PBXNativeTarget;
			buildConfigurationList = DA11D60B20FE4C5C0086AE5A /* Build configuration list for PBXNativeTarget "nerdesiniz" */;
			buildPhases = (
				C6CDD1BD8224E6123087DF4B /* [CP] Check Pods Manifest.lock */,
				DA11D5DF20FE4C570086AE5A /* Sources */,
				DA11D5E020FE4C570086AE5A /* Frameworks */,
				DA11D5E120FE4C570086AE5A /* Resources */,
				B4DD1130ACE2A7588F40DC08 /* [CP] Embed Pods Frameworks */,
				57457A6D3A987EFEF91E0965 /* [CP] Copy Pods Resources */,
			);
			buildRules = (
			);
			dependencies = (
			);
			name = nerdesiniz;
			productName = nerdesiniz;
			productReference = DA11D5E320FE4C570086AE5A /* nerdesiniz.app */;
			productType = "com.apple.product-type.application";
		};
		DA11D5F620FE4C5B0086AE5A /* nerdesinizTests */ = {
			isa = PBXNativeTarget;
			buildConfigurationList = DA11D60E20FE4C5C0086AE5A /* Build configuration list for PBXNativeTarget "nerdesinizTests" */;
			buildPhases = (
				7113A969CA8AA9CAB464642A /* [CP] Check Pods Manifest.lock */,
				DA11D5F320FE4C5B0086AE5A /* Sources */,
				DA11D5F420FE4C5B0086AE5A /* Frameworks */,
				DA11D5F520FE4C5B0086AE5A /* Resources */,
			);
			buildRules = (
			);
			dependencies = (
				DA11D5F920FE4C5B0086AE5A /* PBXTargetDependency */,
			);
			name = nerdesinizTests;
			productName = nerdesinizTests;
			productReference = DA11D5F720FE4C5B0086AE5A /* nerdesinizTests.xctest */;
			productType = "com.apple.product-type.bundle.unit-test";
		};
		DA11D60120FE4C5C0086AE5A /* nerdesinizUITests */ = {
			isa = PBXNativeTarget;
			buildConfigurationList = DA11D61120FE4C5C0086AE5A /* Build configuration list for PBXNativeTarget "nerdesinizUITests" */;
			buildPhases = (
				FEFDC191E4E267C01DA1A548 /* [CP] Check Pods Manifest.lock */,
				DA11D5FE20FE4C5C0086AE5A /* Sources */,
				DA11D5FF20FE4C5C0086AE5A /* Frameworks */,
				DA11D60020FE4C5C0086AE5A /* Resources */,
			);
			buildRules = (
			);
			dependencies = (
				DA11D60420FE4C5C0086AE5A /* PBXTargetDependency */,
			);
			name = nerdesinizUITests;
			productName = nerdesinizUITests;
			productReference = DA11D60220FE4C5C0086AE5A /* nerdesinizUITests.xctest */;
			productType = "com.apple.product-type.bundle.ui-testing";
		};
/* End PBXNativeTarget section */

/* Begin PBXProject section */
		DA11D5DB20FE4C570086AE5A /* Project object */ = {
			isa = PBXProject;
			attributes = {
				LastSwiftUpdateCheck = 0940;
				LastUpgradeCheck = 0940;
				ORGANIZATIONNAME = ozanyaldir;
				TargetAttributes = {
					DA11D5E220FE4C570086AE5A = {
						CreatedOnToolsVersion = 9.4.1;
					};
					DA11D5F620FE4C5B0086AE5A = {
						CreatedOnToolsVersion = 9.4.1;
						TestTargetID = DA11D5E220FE4C570086AE5A;
					};
					DA11D60120FE4C5C0086AE5A = {
						CreatedOnToolsVersion = 9.4.1;
						TestTargetID = DA11D5E220FE4C570086AE5A;
					};
				};
			};
			buildConfigurationList = DA11D5DE20FE4C570086AE5A /* Build configuration list for PBXProject "nerdesiniz" */;
			compatibilityVersion = "Xcode 9.3";
			developmentRegion = en;
			hasScannedForEncodings = 0;
			knownRegions = (
				en,
				Base,
			);
			mainGroup = DA11D5DA20FE4C570086AE5A;
			productRefGroup = DA11D5E420FE4C570086AE5A /* Products */;
			projectDirPath = "";
			projectRoot = "";
			targets = (
				DA11D5E220FE4C570086AE5A /* nerdesiniz */,
				DA11D5F620FE4C5B0086AE5A /* nerdesinizTests */,
				DA11D60120FE4C5C0086AE5A /* nerdesinizUITests */,
			);
		};
/* End PBXProject section */

/* Begin PBXResourcesBuildPhase section */
		DA11D5E120FE4C570086AE5A /* Resources */ = {
			isa = PBXResourcesBuildPhase;
			buildActionMask = 2147483647;
			files = (
				DA11D5F120FE4C5B0086AE5A /* LaunchScreen.storyboard in Resources */,
				DA11D61720FF9C4D0086AE5A /* GoogleService-Info.plist in Resources */,
				DA11D5EE20FE4C5B0086AE5A /* Assets.xcassets in Resources */,
				DA11D5EC20FE4C570086AE5A /* Main.storyboard in Resources */,
			);
			runOnlyForDeploymentPostprocessing = 0;
		};
		DA11D5F520FE4C5B0086AE5A /* Resources */ = {
			isa = PBXResourcesBuildPhase;
			buildActionMask = 2147483647;
			files = (
			);
			runOnlyForDeploymentPostprocessing = 0;
		};
		DA11D60020FE4C5C0086AE5A /* Resources */ = {
			isa = PBXResourcesBuildPhase;
			buildActionMask = 2147483647;
			files = (
			);
			runOnlyForDeploymentPostprocessing = 0;
		};
/* End PBXResourcesBuildPhase section */

/* Begin PBXShellScriptBuildPhase section */
		57457A6D3A987EFEF91E0965 /* [CP] Copy Pods Resources */ = {
			isa = PBXShellScriptBuildPhase;
			buildActionMask = 2147483647;
			files = (
			);
			inputPaths = (
				"${SRCROOT}/Pods/Target Support Files/Pods-nerdesiniz/Pods-nerdesiniz-resources.sh",
				"${PODS_ROOT}/GoogleSignIn/Resources/GoogleSignIn.bundle",
			);
			name = "[CP] Copy Pods Resources";
			outputPaths = (
				"${TARGET_BUILD_DIR}/${UNLOCALIZED_RESOURCES_FOLDER_PATH}/GoogleSignIn.bundle",
			);
			runOnlyForDeploymentPostprocessing = 0;
			shellPath = /bin/sh;
			shellScript = "\"${SRCROOT}/Pods/Target Support Files/Pods-nerdesiniz/Pods-nerdesiniz-resources.sh\"\n";
			showEnvVarsInLog = 0;
		};
		7113A969CA8AA9CAB464642A /* [CP] Check Pods Manifest.lock */ = {
			isa = PBXShellScriptBuildPhase;
			buildActionMask = 2147483647;
			files = (
			);
			inputPaths = (
				"${PODS_PODFILE_DIR_PATH}/Podfile.lock",
				"${PODS_ROOT}/Manifest.lock",
			);
			name = "[CP] Check Pods Manifest.lock";
			outputPaths = (
				"$(DERIVED_FILE_DIR)/Pods-nerdesinizTests-checkManifestLockResult.txt",
			);
			runOnlyForDeploymentPostprocessing = 0;
			shellPath = /bin/sh;
			shellScript = "diff \"${PODS_PODFILE_DIR_PATH}/Podfile.lock\" \"${PODS_ROOT}/Manifest.lock\" > /dev/null\nif [ $? != 0 ] ; then\n    # print error to STDERR\n    echo \"error: The sandbox is not in sync with the Podfile.lock. Run 'pod install' or update your CocoaPods installation.\" >&2\n    exit 1\nfi\n# This output is used by Xcode 'outputs' to avoid re-running this script phase.\necho \"SUCCESS\" > \"${SCRIPT_OUTPUT_FILE_0}\"\n";
			showEnvVarsInLog = 0;
		};
		B4DD1130ACE2A7588F40DC08 /* [CP] Embed Pods Frameworks */ = {
			isa = PBXShellScriptBuildPhase;
			buildActionMask = 2147483647;
			files = (
			);
			inputPaths = (
				"${SRCROOT}/Pods/Target Support Files/Pods-nerdesiniz/Pods-nerdesiniz-frameworks.sh",
				"${BUILT_PRODUCTS_DIR}/GTMOAuth2/GTMOAuth2.framework",
				"${BUILT_PRODUCTS_DIR}/GTMSessionFetcher/GTMSessionFetcher.framework",
				"${BUILT_PRODUCTS_DIR}/GoogleToolboxForMac/GoogleToolboxForMac.framework",
				"${BUILT_PRODUCTS_DIR}/leveldb-library/leveldb.framework",
				"${BUILT_PRODUCTS_DIR}/nanopb/nanopb.framework",
			);
			name = "[CP] Embed Pods Frameworks";
			outputPaths = (
				"${TARGET_BUILD_DIR}/${FRAMEWORKS_FOLDER_PATH}/GTMOAuth2.framework",
				"${TARGET_BUILD_DIR}/${FRAMEWORKS_FOLDER_PATH}/GTMSessionFetcher.framework",
				"${TARGET_BUILD_DIR}/${FRAMEWORKS_FOLDER_PATH}/GoogleToolboxForMac.framework",
				"${TARGET_BUILD_DIR}/${FRAMEWORKS_FOLDER_PATH}/leveldb.framework",
				"${TARGET_BUILD_DIR}/${FRAMEWORKS_FOLDER_PATH}/nanopb.framework",
			);
			runOnlyForDeploymentPostprocessing = 0;
			shellPath = /bin/sh;
			shellScript = "\"${SRCROOT}/Pods/Target Support Files/Pods-nerdesiniz/Pods-nerdesiniz-frameworks.sh\"\n";
			showEnvVarsInLog = 0;
		};
		C6CDD1BD8224E6123087DF4B /* [CP] Check Pods Manifest.lock */ = {
			isa = PBXShellScriptBuildPhase;
			buildActionMask = 2147483647;
			files = (
			);
			inputPaths = (
				"${PODS_PODFILE_DIR_PATH}/Podfile.lock",
				"${PODS_ROOT}/Manifest.lock",
			);
			name = "[CP] Check Pods Manifest.lock";
			outputPaths = (
				"$(DERIVED_FILE_DIR)/Pods-nerdesiniz-checkManifestLockResult.txt",
			);
			runOnlyForDeploymentPostprocessing = 0;
			shellPath = /bin/sh;
			shellScript = "diff \"${PODS_PODFILE_DIR_PATH}/Podfile.lock\" \"${PODS_ROOT}/Manifest.lock\" > /dev/null\nif [ $? != 0 ] ; then\n    # print error to STDERR\n    echo \"error: The sandbox is not in sync with the Podfile.lock. Run 'pod install' or update your CocoaPods installation.\" >&2\n    exit 1\nfi\n# This output is used by Xcode 'outputs' to avoid re-running this script phase.\necho \"SUCCESS\" > \"${SCRIPT_OUTPUT_FILE_0}\"\n";
			showEnvVarsInLog = 0;
		};
		FEFDC191E4E267C01DA1A548 /* [CP] Check Pods Manifest.lock */ = {
			isa = PBXShellScriptBuildPhase;
			buildActionMask = 2147483647;
			files = (
			);
			inputPaths = (
				"${PODS_PODFILE_DIR_PATH}/Podfile.lock",
				"${PODS_ROOT}/Manifest.lock",
			);
			name = "[CP] Check Pods Manifest.lock";
			outputPaths = (
				"$(DERIVED_FILE_DIR)/Pods-nerdesinizUITests-checkManifestLockResult.txt",
			);
			runOnlyForDeploymentPostprocessing = 0;
			shellPath = /bin/sh;
			shellScript = "diff \"${PODS_PODFILE_DIR_PATH}/Podfile.lock\" \"${PODS_ROOT}/Manifest.lock\" > /dev/null\nif [ $? != 0 ] ; then\n    # print error to STDERR\n    echo \"error: The sandbox is not in sync with the Podfile.lock. Run 'pod install' or update your CocoaPods installation.\" >&2\n    exit 1\nfi\n# This output is used by Xcode 'outputs' to avoid re-running this script phase.\necho \"SUCCESS\" > \"${SCRIPT_OUTPUT_FILE_0}\"\n";
			showEnvVarsInLog = 0;
		};
/* End PBXShellScriptBuildPhase section */

/* Begin PBXSourcesBuildPhase section */
		DA11D5DF20FE4C570086AE5A /* Sources */ = {
			isa = PBXSourcesBuildPhase;
			buildActionMask = 2147483647;
			files = (
				DA11D5E920FE4C570086AE5A /* ViewController.swift in Sources */,
				DA11D61520FE55A20086AE5A /* MapViewController.swift in Sources */,
				DA11D5E720FE4C570086AE5A /* AppDelegate.swift in Sources */,
			);
			runOnlyForDeploymentPostprocessing = 0;
		};
		DA11D5F320FE4C5B0086AE5A /* Sources */ = {
			isa = PBXSourcesBuildPhase;
			buildActionMask = 2147483647;
			files = (
				DA11D5FC20FE4C5C0086AE5A /* nerdesinizTests.swift in Sources */,
			);
			runOnlyForDeploymentPostprocessing = 0;
		};
		DA11D5FE20FE4C5C0086AE5A /* Sources */ = {
			isa = PBXSourcesBuildPhase;
			buildActionMask = 2147483647;
			files = (
				DA11D60720FE4C5C0086AE5A /* nerdesinizUITests.swift in Sources */,
			);
			runOnlyForDeploymentPostprocessing = 0;
		};
/* End PBXSourcesBuildPhase section */

/* Begin PBXTargetDependency section */
		DA11D5F920FE4C5B0086AE5A /* PBXTargetDependency */ = {
			isa = PBXTargetDependency;
			target = DA11D5E220FE4C570086AE5A /* nerdesiniz */;
			targetProxy = DA11D5F820FE4C5B0086AE5A /* PBXContainerItemProxy */;
		};
		DA11D60420FE4C5C0086AE5A /* PBXTargetDependency */ = {
			isa = PBXTargetDependency;
			target = DA11D5E220FE4C570086AE5A /* nerdesiniz */;
			targetProxy = DA11D60320FE4C5C0086AE5A /* PBXContainerItemProxy */;
		};
/* End PBXTargetDependency section */

/* Begin PBXVariantGroup section */
		DA11D5EA20FE4C570086AE5A /* Main.storyboard */ = {
			isa = PBXVariantGroup;
			children = (
				DA11D5EB20FE4C570086AE5A /* Base */,
			);
			name = Main.storyboard;
			sourceTree = "<group>";
		};
		DA11D5EF20FE4C5B0086AE5A /* LaunchScreen.storyboard */ = {
			isa = PBXVariantGroup;
			children = (
				DA11D5F020FE4C5B0086AE5A /* Base */,
			);
			name = LaunchScreen.storyboard;
			sourceTree = "<group>";
		};
/* End PBXVariantGroup section */

/* Begin XCBuildConfiguration section */
		DA11D60920FE4C5C0086AE5A /* Debug */ = {
			isa = XCBuildConfiguration;
			buildSettings = {
				ALWAYS_SEARCH_USER_PATHS = NO;
				CLANG_ANALYZER_NONNULL = YES;
				CLANG_ANALYZER_NUMBER_OBJECT_CONVERSION = YES_AGGRESSIVE;
				CLANG_CXX_LANGUAGE_STANDARD = "gnu++14";
				CLANG_CXX_LIBRARY = "libc++";
				CLANG_ENABLE_MODULES = YES;
				CLANG_ENABLE_OBJC_ARC = YES;
				CLANG_ENABLE_OBJC_WEAK = YES;
				CLANG_WARN_BLOCK_CAPTURE_AUTORELEASING = YES;
				CLANG_WARN_BOOL_CONVERSION = YES;
				CLANG_WARN_COMMA = YES;
				CLANG_WARN_CONSTANT_CONVERSION = YES;
				CLANG_WARN_DEPRECATED_OBJC_IMPLEMENTATIONS = YES;
				CLANG_WARN_DIRECT_OBJC_ISA_USAGE = YES_ERROR;
				CLANG_WARN_DOCUMENTATION_COMMENTS = YES;
				CLANG_WARN_EMPTY_BODY = YES;
				CLANG_WARN_ENUM_CONVERSION = YES;
				CLANG_WARN_INFINITE_RECURSION = YES;
				CLANG_WARN_INT_CONVERSION = YES;
				CLANG_WARN_NON_LITERAL_NULL_CONVERSION = YES;
				CLANG_WARN_OBJC_IMPLICIT_RETAIN_SELF = YES;
				CLANG_WARN_OBJC_LITERAL_CONVERSION = YES;
				CLANG_WARN_OBJC_ROOT_CLASS = YES_ERROR;
				CLANG_WARN_RANGE_LOOP_ANALYSIS = YES;
				CLANG_WARN_STRICT_PROTOTYPES = YES;
				CLANG_WARN_SUSPICIOUS_MOVE = YES;
				CLANG_WARN_UNGUARDED_AVAILABILITY = YES_AGGRESSIVE;
				CLANG_WARN_UNREACHABLE_CODE = YES;
				CLANG_WARN__DUPLICATE_METHOD_MATCH = YES;
				CODE_SIGN_IDENTITY = "iPhone Developer";
				COPY_PHASE_STRIP = NO;
				DEBUG_INFORMATION_FORMAT = dwarf;
				ENABLE_STRICT_OBJC_MSGSEND = YES;
				ENABLE_TESTABILITY = YES;
				GCC_C_LANGUAGE_STANDARD = gnu11;
				GCC_DYNAMIC_NO_PIC = NO;
				GCC_NO_COMMON_BLOCKS = YES;
				GCC_OPTIMIZATION_LEVEL = 0;
				GCC_PREPROCESSOR_DEFINITIONS = (
					"DEBUG=1",
					"$(inherited)",
				);
				GCC_WARN_64_TO_32_BIT_CONVERSION = YES;
				GCC_WARN_ABOUT_RETURN_TYPE = YES_ERROR;
				GCC_WARN_UNDECLARED_SELECTOR = YES;
				GCC_WARN_UNINITIALIZED_AUTOS = YES_AGGRESSIVE;
				GCC_WARN_UNUSED_FUNCTION = YES;
				GCC_WARN_UNUSED_VARIABLE = YES;
				IPHONEOS_DEPLOYMENT_TARGET = 11.4;
				MTL_ENABLE_DEBUG_INFO = YES;
				ONLY_ACTIVE_ARCH = YES;
				SDKROOT = iphoneos;
				SWIFT_ACTIVE_COMPILATION_CONDITIONS = DEBUG;
				SWIFT_OPTIMIZATION_LEVEL = "-Onone";
			};
			name = Debug;
		};
		DA11D60A20FE4C5C0086AE5A /* Release */ = {
			isa = XCBuildConfiguration;
			buildSettings = {
				ALWAYS_SEARCH_USER_PATHS = NO;
				CLANG_ANALYZER_NONNULL = YES;
				CLANG_ANALYZER_NUMBER_OBJECT_CONVERSION = YES_AGGRESSIVE;
				CLANG_CXX_LANGUAGE_STANDARD = "gnu++14";
				CLANG_CXX_LIBRARY = "libc++";
				CLANG_ENABLE_MODULES = YES;
				CLANG_ENABLE_OBJC_ARC = YES;
				CLANG_ENABLE_OBJC_WEAK = YES;
				CLANG_WARN_BLOCK_CAPTURE_AUTORELEASING = YES;
				CLANG_WARN_BOOL_CONVERSION = YES;
				CLANG_WARN_COMMA = YES;
				CLANG_WARN_CONSTANT_CONVERSION = YES;
				CLANG_WARN_DEPRECATED_OBJC_IMPLEMENTATIONS = YES;
				CLANG_WARN_DIRECT_OBJC_ISA_USAGE = YES_ERROR;
				CLANG_WARN_DOCUMENTATION_COMMENTS = YES;
				CLANG_WARN_EMPTY_BODY = YES;
				CLANG_WARN_ENUM_CONVERSION = YES;
				CLANG_WARN_INFINITE_RECURSION = YES;
				CLANG_WARN_INT_CONVERSION = YES;
				CLANG_WARN_NON_LITERAL_NULL_CONVERSION = YES;
				CLANG_WARN_OBJC_IMPLICIT_RETAIN_SELF = YES;
				CLANG_WARN_OBJC_LITERAL_CONVERSION = YES;
				CLANG_WARN_OBJC_ROOT_CLASS = YES_ERROR;
				CLANG_WARN_RANGE_LOOP_ANALYSIS = YES;
				CLANG_WARN_STRICT_PROTOTYPES = YES;
				CLANG_WARN_SUSPICIOUS_MOVE = YES;
				CLANG_WARN_UNGUARDED_AVAILABILITY = YES_AGGRESSIVE;
				CLANG_WARN_UNREACHABLE_CODE = YES;
				CLANG_WARN__DUPLICATE_METHOD_MATCH = YES;
				CODE_SIGN_IDENTITY = "iPhone Developer";
				COPY_PHASE_STRIP = NO;
				DEBUG_INFORMATION_FORMAT = "dwarf-with-dsym";
				ENABLE_NS_ASSERTIONS = NO;
				ENABLE_STRICT_OBJC_MSGSEND = YES;
				GCC_C_LANGUAGE_STANDARD = gnu11;
				GCC_NO_COMMON_BLOCKS = YES;
				GCC_WARN_64_TO_32_BIT_CONVERSION = YES;
				GCC_WARN_ABOUT_RETURN_TYPE = YES_ERROR;
				GCC_WARN_UNDECLARED_SELECTOR = YES;
				GCC_WARN_UNINITIALIZED_AUTOS = YES_AGGRESSIVE;
				GCC_WARN_UNUSED_FUNCTION = YES;
				GCC_WARN_UNUSED_VARIABLE = YES;
				IPHONEOS_DEPLOYMENT_TARGET = 11.4;
				MTL_ENABLE_DEBUG_INFO = NO;
				SDKROOT = iphoneos;
				SWIFT_COMPILATION_MODE = wholemodule;
				SWIFT_OPTIMIZATION_LEVEL = "-O";
				VALIDATE_PRODUCT = YES;
			};
			name = Release;
		};
		DA11D60C20FE4C5C0086AE5A /* Debug */ = {
			isa = XCBuildConfiguration;
			baseConfigurationReference = FA122E4634A44116B1A6E516 /* Pods-nerdesiniz.debug.xcconfig */;
			buildSettings = {
				ASSETCATALOG_COMPILER_APPICON_NAME = AppIcon;
				CODE_SIGN_STYLE = Automatic;
				DEVELOPMENT_TEAM = VSQTNZ7WAN;
				INFOPLIST_FILE = nerdesiniz/Info.plist;
				IPHONEOS_DEPLOYMENT_TARGET = 9.0;
				LD_RUNPATH_SEARCH_PATHS = (
					"$(inherited)",
					"@executable_path/Frameworks",
				);
				PRODUCT_BUNDLE_IDENTIFIER = com.ozanyaldir.nerdesiniz;
				PRODUCT_NAME = "$(TARGET_NAME)";
				SWIFT_VERSION = 4.0;
				TARGETED_DEVICE_FAMILY = "1,2";
			};
			name = Debug;
		};
		DA11D60D20FE4C5C0086AE5A /* Release */ = {
			isa = XCBuildConfiguration;
			baseConfigurationReference = 8F180385B06C0544DAA76899 /* Pods-nerdesiniz.release.xcconfig */;
			buildSettings = {
				ASSETCATALOG_COMPILER_APPICON_NAME = AppIcon;
				CODE_SIGN_STYLE = Automatic;
				DEVELOPMENT_TEAM = VSQTNZ7WAN;
				INFOPLIST_FILE = nerdesiniz/Info.plist;
				IPHONEOS_DEPLOYMENT_TARGET = 9.0;
				LD_RUNPATH_SEARCH_PATHS = (
					"$(inherited)",
					"@executable_path/Frameworks",
				);
				PRODUCT_BUNDLE_IDENTIFIER = com.ozanyaldir.nerdesiniz;
				PRODUCT_NAME = "$(TARGET_NAME)";
				SWIFT_VERSION = 4.0;
				TARGETED_DEVICE_FAMILY = "1,2";
			};
			name = Release;
		};
		DA11D60F20FE4C5C0086AE5A /* Debug */ = {
			isa = XCBuildConfiguration;
			baseConfigurationReference = 49DF3F3EA2B0152354C58D1C /* Pods-nerdesinizTests.debug.xcconfig */;
			buildSettings = {
				ALWAYS_EMBED_SWIFT_STANDARD_LIBRARIES = YES;
				BUNDLE_LOADER = "$(TEST_HOST)";
				CODE_SIGN_STYLE = Automatic;
				DEVELOPMENT_TEAM = VSQTNZ7WAN;
				INFOPLIST_FILE = nerdesinizTests/Info.plist;
				LD_RUNPATH_SEARCH_PATHS = (
					"$(inherited)",
					"@executable_path/Frameworks",
					"@loader_path/Frameworks",
				);
				PRODUCT_BUNDLE_IDENTIFIER = com.ozanyaldir.nerdesinizTests;
				PRODUCT_NAME = "$(TARGET_NAME)";
				SWIFT_VERSION = 4.0;
				TARGETED_DEVICE_FAMILY = "1,2";
				TEST_HOST = "$(BUILT_PRODUCTS_DIR)/nerdesiniz.app/nerdesiniz";
			};
			name = Debug;
		};
		DA11D61020FE4C5C0086AE5A /* Release */ = {
			isa = XCBuildConfiguration;
			baseConfigurationReference = 146CF0ABA2A11C369AFA11A3 /* Pods-nerdesinizTests.release.xcconfig */;
			buildSettings = {
				ALWAYS_EMBED_SWIFT_STANDARD_LIBRARIES = YES;
				BUNDLE_LOADER = "$(TEST_HOST)";
				CODE_SIGN_STYLE = Automatic;
				DEVELOPMENT_TEAM = VSQTNZ7WAN;
				INFOPLIST_FILE = nerdesinizTests/Info.plist;
				LD_RUNPATH_SEARCH_PATHS = (
					"$(inherited)",
					"@executable_path/Frameworks",
					"@loader_path/Frameworks",
				);
				PRODUCT_BUNDLE_IDENTIFIER = com.ozanyaldir.nerdesinizTests;
				PRODUCT_NAME = "$(TARGET_NAME)";
				SWIFT_VERSION = 4.0;
				TARGETED_DEVICE_FAMILY = "1,2";
				TEST_HOST = "$(BUILT_PRODUCTS_DIR)/nerdesiniz.app/nerdesiniz";
			};
			name = Release;
		};
		DA11D61220FE4C5C0086AE5A /* Debug */ = {
			isa = XCBuildConfiguration;
			baseConfigurationReference = 8BAC8D1C84A6D4E42F502ED2 /* Pods-nerdesinizUITests.debug.xcconfig */;
			buildSettings = {
				ALWAYS_EMBED_SWIFT_STANDARD_LIBRARIES = YES;
				CODE_SIGN_STYLE = Automatic;
				DEVELOPMENT_TEAM = VSQTNZ7WAN;
				INFOPLIST_FILE = nerdesinizUITests/Info.plist;
				LD_RUNPATH_SEARCH_PATHS = (
					"$(inherited)",
					"@executable_path/Frameworks",
					"@loader_path/Frameworks",
				);
				PRODUCT_BUNDLE_IDENTIFIER = com.ozanyaldir.nerdesinizUITests;
				PRODUCT_NAME = "$(TARGET_NAME)";
				SWIFT_VERSION = 4.0;
				TARGETED_DEVICE_FAMILY = "1,2";
				TEST_TARGET_NAME = nerdesiniz;
			};
			name = Debug;
		};
		DA11D61320FE4C5C0086AE5A /* Release */ = {
			isa = XCBuildConfiguration;
			baseConfigurationReference = 09E20E5B4483D331F6F11FA2 /* Pods-nerdesinizUITests.release.xcconfig */;
			buildSettings = {
				ALWAYS_EMBED_SWIFT_STANDARD_LIBRARIES = YES;
				CODE_SIGN_STYLE = Automatic;
				DEVELOPMENT_TEAM = VSQTNZ7WAN;
				INFOPLIST_FILE = nerdesinizUITests/Info.plist;
				LD_RUNPATH_SEARCH_PATHS = (
					"$(inherited)",
					"@executable_path/Frameworks",
					"@loader_path/Frameworks",
				);
				PRODUCT_BUNDLE_IDENTIFIER = com.ozanyaldir.nerdesinizUITests;
				PRODUCT_NAME = "$(TARGET_NAME)";
				SWIFT_VERSION = 4.0;
				TARGETED_DEVICE_FAMILY = "1,2";
				TEST_TARGET_NAME = nerdesiniz;
			};
			name = Release;
		};
/* End XCBuildConfiguration section */

/* Begin XCConfigurationList section */
		DA11D5DE20FE4C570086AE5A /* Build configuration list for PBXProject "nerdesiniz" */ = {
			isa = XCConfigurationList;
			buildConfigurations = (
				DA11D60920FE4C5C0086AE5A /* Debug */,
				DA11D60A20FE4C5C0086AE5A /* Release */,
			);
			defaultConfigurationIsVisible = 0;
			defaultConfigurationName = Release;
		};
		DA11D60B20FE4C5C0086AE5A /* Build configuration list for PBXNativeTarget "nerdesiniz" */ = {
			isa = XCConfigurationList;
			buildConfigurations = (
				DA11D60C20FE4C5C0086AE5A /* Debug */,
				DA11D60D20FE4C5C0086AE5A /* Release */,
			);
			defaultConfigurationIsVisible = 0;
			defaultConfigurationName = Release;
		};
		DA11D60E20FE4C5C0086AE5A /* Build configuration list for PBXNativeTarget "nerdesinizTests" */ = {
			isa = XCConfigurationList;
			buildConfigurations = (
				DA11D60F20FE4C5C0086AE5A /* Debug */,
				DA11D61020FE4C5C0086AE5A /* Release */,
			);
			defaultConfigurationIsVisible = 0;
			defaultConfigurationName = Release;
		};
		DA11D61120FE4C5C0086AE5A /* Build configuration list for PBXNativeTarget "nerdesinizUITests" */ = {
			isa = XCConfigurationList;
			buildConfigurations = (
				DA11D61220FE4C5C0086AE5A /* Debug */,
				DA11D61320FE4C5C0086AE5A /* Release */,
			);
			defaultConfigurationIsVisible = 0;
			defaultConfigurationName = Release;
		};
/* End XCConfigurationList section */
	};
	rootObject = DA11D5DB20FE4C570086AE5A /* Project object */;
}
